// !$*UTF8*$!
{
	archiveVersion = 1;
	classes = {
	};
	objectVersion = 77;
	objects = {

/* Begin PBXContainerItemProxy section */
		0280BA002D8F816A0023E473 /* PBXContainerItemProxy */ = {
			isa = PBXContainerItemProxy;
			containerPortal = 0280B9E72D8F81690023E473 /* Project object */;
			proxyType = 1;
			remoteGlobalIDString = 0280B9EE2D8F81690023E473;
			remoteInfo = Aite;
		};
		0280BA0A2D8F816A0023E473 /* PBXContainerItemProxy */ = {
			isa = PBXContainerItemProxy;
			containerPortal = 0280B9E72D8F81690023E473 /* Project object */;
			proxyType = 1;
			remoteGlobalIDString = 0280B9EE2D8F81690023E473;
			remoteInfo = Aite;
		};
/* End PBXContainerItemProxy section */

/* Begin PBXFileReference section */
		0280B9EF2D8F81690023E473 /* Aite.app */ = {isa = PBXFileReference; explicitFileType = wrapper.application; includeInIndex = 0; path = Aite.app; sourceTree = BUILT_PRODUCTS_DIR; };
		0280B9FF2D8F816A0023E473 /* AiteTests.xctest */ = {isa = PBXFileReference; explicitFileType = wrapper.cfbundle; includeInIndex = 0; path = AiteTests.xctest; sourceTree = BUILT_PRODUCTS_DIR; };
		0280BA092D8F816A0023E473 /* AiteUITests.xctest */ = {isa = PBXFileReference; explicitFileType = wrapper.cfbundle; includeInIndex = 0; path = AiteUITests.xctest; sourceTree = BUILT_PRODUCTS_DIR; };
		02FE7AB42D93995A00884A8B /* Aite.xctestplan */ = {isa = PBXFileReference; lastKnownFileType = text; name = Aite.xctestplan; path = AiteTests/Aite.xctestplan; sourceTree = "<group>"; };
/* End PBXFileReference section */

/* Begin PBXFileSystemSynchronizedRootGroup section */
		0280B9F12D8F81690023E473 /* Aite */ = {
			isa = PBXFileSystemSynchronizedRootGroup;
			path = Aite;
			sourceTree = "<group>";
		};
		0280BA022D8F816A0023E473 /* AiteTests */ = {
			isa = PBXFileSystemSynchronizedRootGroup;
			path = AiteTests;
			sourceTree = "<group>";
		};
		0280BA0C2D8F816A0023E473 /* AiteUITests */ = {
			isa = PBXFileSystemSynchronizedRootGroup;
			path = AiteUITests;
			sourceTree = "<group>";
		};
/* End PBXFileSystemSynchronizedRootGroup section */

/* Begin PBXFrameworksBuildPhase section */
		0280B9EC2D8F81690023E473 /* Frameworks */ = {
			isa = PBXFrameworksBuildPhase;
			buildActionMask = 2147483647;
			files = (
			);
			runOnlyForDeploymentPostprocessing = 0;
		};
		0280B9FC2D8F816A0023E473 /* Frameworks */ = {
			isa = PBXFrameworksBuildPhase;
			buildActionMask = 2147483647;
			files = (
			);
			runOnlyForDeploymentPostprocessing = 0;
		};
		0280BA062D8F816A0023E473 /* Frameworks */ = {
			isa = PBXFrameworksBuildPhase;
			buildActionMask = 2147483647;
			files = (
			);
			runOnlyForDeploymentPostprocessing = 0;
		};
/* End PBXFrameworksBuildPhase section */

/* Begin PBXGroup section */
		0280B9E62D8F81690023E473 = {
			isa = PBXGroup;
			children = (
				02FE7AB42D93995A00884A8B /* Aite.xctestplan */,
				0280B9F12D8F81690023E473 /* Aite */,
				0280BA022D8F816A0023E473 /* AiteTests */,
				0280BA0C2D8F816A0023E473 /* AiteUITests */,
				0280B9F02D8F81690023E473 /* Products */,
			);
			sourceTree = "<group>";
		};
		0280B9F02D8F81690023E473 /* Products */ = {
			isa = PBXGroup;
			children = (
				0280B9EF2D8F81690023E473 /* Aite.app */,
				0280B9FF2D8F816A0023E473 /* AiteTests.xctest */,
				0280BA092D8F816A0023E473 /* AiteUITests.xctest */,
			);
			name = Products;
			sourceTree = "<group>";
		};
/* End PBXGroup section */

/* Begin PBXNativeTarget section */
		0280B9EE2D8F81690023E473 /* Aite */ = {
			isa = PBXNativeTarget;
			buildConfigurationList = 0280BA132D8F816A0023E473 /* Build configuration list for PBXNativeTarget "Aite" */;
			buildPhases = (
				0280B9EB2D8F81690023E473 /* Sources */,
				0280B9EC2D8F81690023E473 /* Frameworks */,
				0280B9ED2D8F81690023E473 /* Resources */,
			);
			buildRules = (
			);
			dependencies = (
			);
			fileSystemSynchronizedGroups = (
				0280B9F12D8F81690023E473 /* Aite */,
			);
			name = Aite;
			packageProductDependencies = (
			);
			productName = Aite;
			productReference = 0280B9EF2D8F81690023E473 /* Aite.app */;
			productType = "com.apple.product-type.application";
		};
		0280B9FE2D8F816A0023E473 /* AiteTests */ = {
			isa = PBXNativeTarget;
			buildConfigurationList = 0280BA162D8F816A0023E473 /* Build configuration list for PBXNativeTarget "AiteTests" */;
			buildPhases = (
				0280B9FB2D8F816A0023E473 /* Sources */,
				0280B9FC2D8F816A0023E473 /* Frameworks */,
				0280B9FD2D8F816A0023E473 /* Resources */,
			);
			buildRules = (
			);
			dependencies = (
				0280BA012D8F816A0023E473 /* PBXTargetDependency */,
			);
			fileSystemSynchronizedGroups = (
				0280BA022D8F816A0023E473 /* AiteTests */,
			);
			name = AiteTests;
			packageProductDependencies = (
			);
			productName = AiteTests;
			productReference = 0280B9FF2D8F816A0023E473 /* AiteTests.xctest */;
			productType = "com.apple.product-type.bundle.unit-test";
		};
		0280BA082D8F816A0023E473 /* AiteUITests */ = {
			isa = PBXNativeTarget;
			buildConfigurationList = 0280BA192D8F816A0023E473 /* Build configuration list for PBXNativeTarget "AiteUITests" */;
			buildPhases = (
				0280BA052D8F816A0023E473 /* Sources */,
				0280BA062D8F816A0023E473 /* Frameworks */,
				0280BA072D8F816A0023E473 /* Resources */,
			);
			buildRules = (
			);
			dependencies = (
				0280BA0B2D8F816A0023E473 /* PBXTargetDependency */,
			);
			fileSystemSynchronizedGroups = (
				0280BA0C2D8F816A0023E473 /* AiteUITests */,
			);
			name = AiteUITests;
			packageProductDependencies = (
			);
			productName = AiteUITests;
			productReference = 0280BA092D8F816A0023E473 /* AiteUITests.xctest */;
			productType = "com.apple.product-type.bundle.ui-testing";
		};
/* End PBXNativeTarget section */

/* Begin PBXProject section */
		0280B9E72D8F81690023E473 /* Project object */ = {
			isa = PBXProject;
			attributes = {
				BuildIndependentTargetsInParallel = 1;
				LastSwiftUpdateCheck = 1620;
				LastUpgradeCheck = 1620;
				TargetAttributes = {
					0280B9EE2D8F81690023E473 = {
						CreatedOnToolsVersion = 16.2;
					};
					0280B9FE2D8F816A0023E473 = {
						CreatedOnToolsVersion = 16.2;
						TestTargetID = 0280B9EE2D8F81690023E473;
					};
					0280BA082D8F816A0023E473 = {
						CreatedOnToolsVersion = 16.2;
						TestTargetID = 0280B9EE2D8F81690023E473;
					};
				};
			};
			buildConfigurationList = 0280B9EA2D8F81690023E473 /* Build configuration list for PBXProject "Aite" */;
			developmentRegion = en;
			hasScannedForEncodings = 0;
			knownRegions = (
				en,
				Base,
				es,
			);
			mainGroup = 0280B9E62D8F81690023E473;
			minimizedProjectReferenceProxies = 1;
			preferredProjectObjectVersion = 77;
			productRefGroup = 0280B9F02D8F81690023E473 /* Products */;
			projectDirPath = "";
			projectRoot = "";
			targets = (
				0280B9EE2D8F81690023E473 /* Aite */,
				0280B9FE2D8F816A0023E473 /* AiteTests */,
				0280BA082D8F816A0023E473 /* AiteUITests */,
			);
		};
/* End PBXProject section */

/* Begin PBXResourcesBuildPhase section */
		0280B9ED2D8F81690023E473 /* Resources */ = {
			isa = PBXResourcesBuildPhase;
			buildActionMask = 2147483647;
			files = (
			);
			runOnlyForDeploymentPostprocessing = 0;
		};
		0280B9FD2D8F816A0023E473 /* Resources */ = {
			isa = PBXResourcesBuildPhase;
			buildActionMask = 2147483647;
			files = (
			);
			runOnlyForDeploymentPostprocessing = 0;
		};
		0280BA072D8F816A0023E473 /* Resources */ = {
			isa = PBXResourcesBuildPhase;
			buildActionMask = 2147483647;
			files = (
			);
			runOnlyForDeploymentPostprocessing = 0;
		};
/* End PBXResourcesBuildPhase section */

/* Begin PBXSourcesBuildPhase section */
		0280B9EB2D8F81690023E473 /* Sources */ = {
			isa = PBXSourcesBuildPhase;
			buildActionMask = 2147483647;
			files = (
			);
			runOnlyForDeploymentPostprocessing = 0;
		};
		0280B9FB2D8F816A0023E473 /* Sources */ = {
			isa = PBXSourcesBuildPhase;
			buildActionMask = 2147483647;
			files = (
			);
			runOnlyForDeploymentPostprocessing = 0;
		};
		0280BA052D8F816A0023E473 /* Sources */ = {
			isa = PBXSourcesBuildPhase;
			buildActionMask = 2147483647;
			files = (
			);
			runOnlyForDeploymentPostprocessing = 0;
		};
/* End PBXSourcesBuildPhase section */

/* Begin PBXTargetDependency section */
		0280BA012D8F816A0023E473 /* PBXTargetDependency */ = {
			isa = PBXTargetDependency;
			target = 0280B9EE2D8F81690023E473 /* Aite */;
			targetProxy = 0280BA002D8F816A0023E473 /* PBXContainerItemProxy */;
		};
		0280BA0B2D8F816A0023E473 /* PBXTargetDependency */ = {
			isa = PBXTargetDependency;
			target = 0280B9EE2D8F81690023E473 /* Aite */;
			targetProxy = 0280BA0A2D8F816A0023E473 /* PBXContainerItemProxy */;
		};
/* End PBXTargetDependency section */

/* Begin XCBuildConfiguration section */
		0280BA112D8F816A0023E473 /* Debug */ = {
			isa = XCBuildConfiguration;
			buildSettings = {
				ALWAYS_SEARCH_USER_PATHS = NO;
				ASSETCATALOG_COMPILER_GENERATE_SWIFT_ASSET_SYMBOL_EXTENSIONS = YES;
				CLANG_ANALYZER_NONNULL = YES;
				CLANG_ANALYZER_NUMBER_OBJECT_CONVERSION = YES_AGGRESSIVE;
				CLANG_CXX_LANGUAGE_STANDARD = "gnu++20";
				CLANG_ENABLE_MODULES = YES;
				CLANG_ENABLE_OBJC_ARC = YES;
				CLANG_ENABLE_OBJC_WEAK = YES;
				CLANG_WARN_BLOCK_CAPTURE_AUTORELEASING = YES;
				CLANG_WARN_BOOL_CONVERSION = YES;
				CLANG_WARN_COMMA = YES;
				CLANG_WARN_CONSTANT_CONVERSION = YES;
				CLANG_WARN_DEPRECATED_OBJC_IMPLEMENTATIONS = YES;
				CLANG_WARN_DIRECT_OBJC_ISA_USAGE = YES_ERROR;
				CLANG_WARN_DOCUMENTATION_COMMENTS = YES;
				CLANG_WARN_EMPTY_BODY = YES;
				CLANG_WARN_ENUM_CONVERSION = YES;
				CLANG_WARN_INFINITE_RECURSION = YES;
				CLANG_WARN_INT_CONVERSION = YES;
				CLANG_WARN_NON_LITERAL_NULL_CONVERSION = YES;
				CLANG_WARN_OBJC_IMPLICIT_RETAIN_SELF = YES;
				CLANG_WARN_OBJC_LITERAL_CONVERSION = YES;
				CLANG_WARN_OBJC_ROOT_CLASS = YES_ERROR;
				CLANG_WARN_QUOTED_INCLUDE_IN_FRAMEWORK_HEADER = YES;
				CLANG_WARN_RANGE_LOOP_ANALYSIS = YES;
				CLANG_WARN_STRICT_PROTOTYPES = YES;
				CLANG_WARN_SUSPICIOUS_MOVE = YES;
				CLANG_WARN_UNGUARDED_AVAILABILITY = YES_AGGRESSIVE;
				CLANG_WARN_UNREACHABLE_CODE = YES;
				CLANG_WARN__DUPLICATE_METHOD_MATCH = YES;
				COPY_PHASE_STRIP = NO;
				DEBUG_INFORMATION_FORMAT = dwarf;
				ENABLE_STRICT_OBJC_MSGSEND = YES;
				ENABLE_TESTABILITY = YES;
				ENABLE_USER_SCRIPT_SANDBOXING = YES;
				GCC_C_LANGUAGE_STANDARD = gnu17;
				GCC_DYNAMIC_NO_PIC = NO;
				GCC_NO_COMMON_BLOCKS = YES;
				GCC_OPTIMIZATION_LEVEL = 0;
				GCC_PREPROCESSOR_DEFINITIONS = (
					"DEBUG=1",
					"$(inherited)",
				);
				GCC_WARN_64_TO_32_BIT_CONVERSION = YES;
				GCC_WARN_ABOUT_RETURN_TYPE = YES_ERROR;
				GCC_WARN_UNDECLARED_SELECTOR = YES;
				GCC_WARN_UNINITIALIZED_AUTOS = YES_AGGRESSIVE;
				GCC_WARN_UNUSED_FUNCTION = YES;
				GCC_WARN_UNUSED_VARIABLE = YES;
				IPHONEOS_DEPLOYMENT_TARGET = 18.2;
				LOCALIZATION_PREFERS_STRING_CATALOGS = YES;
				MTL_ENABLE_DEBUG_INFO = INCLUDE_SOURCE;
				MTL_FAST_MATH = YES;
				ONLY_ACTIVE_ARCH = YES;
				SDKROOT = iphoneos;
				SWIFT_ACTIVE_COMPILATION_CONDITIONS = "DEBUG $(inherited)";
				SWIFT_EMIT_LOC_STRINGS = YES;
				SWIFT_OPTIMIZATION_LEVEL = "-Onone";
			};
			name = Debug;
		};
		0280BA122D8F816A0023E473 /* Release */ = {
			isa = XCBuildConfiguration;
			buildSettings = {
				ALWAYS_SEARCH_USER_PATHS = NO;
				ASSETCATALOG_COMPILER_GENERATE_SWIFT_ASSET_SYMBOL_EXTENSIONS = YES;
				CLANG_ANALYZER_NONNULL = YES;
				CLANG_ANALYZER_NUMBER_OBJECT_CONVERSION = YES_AGGRESSIVE;
				CLANG_CXX_LANGUAGE_STANDARD = "gnu++20";
				CLANG_ENABLE_MODULES = YES;
				CLANG_ENABLE_OBJC_ARC = YES;
				CLANG_ENABLE_OBJC_WEAK = YES;
				CLANG_WARN_BLOCK_CAPTURE_AUTORELEASING = YES;
				CLANG_WARN_BOOL_CONVERSION = YES;
				CLANG_WARN_COMMA = YES;
				CLANG_WARN_CONSTANT_CONVERSION = YES;
				CLANG_WARN_DEPRECATED_OBJC_IMPLEMENTATIONS = YES;
				CLANG_WARN_DIRECT_OBJC_ISA_USAGE = YES_ERROR;
				CLANG_WARN_DOCUMENTATION_COMMENTS = YES;
				CLANG_WARN_EMPTY_BODY = YES;
				CLANG_WARN_ENUM_CONVERSION = YES;
				CLANG_WARN_INFINITE_RECURSION = YES;
				CLANG_WARN_INT_CONVERSION = YES;
				CLANG_WARN_NON_LITERAL_NULL_CONVERSION = YES;
				CLANG_WARN_OBJC_IMPLICIT_RETAIN_SELF = YES;
				CLANG_WARN_OBJC_LITERAL_CONVERSION = YES;
				CLANG_WARN_OBJC_ROOT_CLASS = YES_ERROR;
				CLANG_WARN_QUOTED_INCLUDE_IN_FRAMEWORK_HEADER = YES;
				CLANG_WARN_RANGE_LOOP_ANALYSIS = YES;
				CLANG_WARN_STRICT_PROTOTYPES = YES;
				CLANG_WARN_SUSPICIOUS_MOVE = YES;
				CLANG_WARN_UNGUARDED_AVAILABILITY = YES_AGGRESSIVE;
				CLANG_WARN_UNREACHABLE_CODE = YES;
				CLANG_WARN__DUPLICATE_METHOD_MATCH = YES;
				COPY_PHASE_STRIP = NO;
				DEBUG_INFORMATION_FORMAT = "dwarf-with-dsym";
				ENABLE_NS_ASSERTIONS = NO;
				ENABLE_STRICT_OBJC_MSGSEND = YES;
				ENABLE_USER_SCRIPT_SANDBOXING = YES;
				GCC_C_LANGUAGE_STANDARD = gnu17;
				GCC_NO_COMMON_BLOCKS = YES;
				GCC_WARN_64_TO_32_BIT_CONVERSION = YES;
				GCC_WARN_ABOUT_RETURN_TYPE = YES_ERROR;
				GCC_WARN_UNDECLARED_SELECTOR = YES;
				GCC_WARN_UNINITIALIZED_AUTOS = YES_AGGRESSIVE;
				GCC_WARN_UNUSED_FUNCTION = YES;
				GCC_WARN_UNUSED_VARIABLE = YES;
				IPHONEOS_DEPLOYMENT_TARGET = 18.2;
				LOCALIZATION_PREFERS_STRING_CATALOGS = YES;
				MTL_ENABLE_DEBUG_INFO = NO;
				MTL_FAST_MATH = YES;
				SDKROOT = iphoneos;
				SWIFT_COMPILATION_MODE = wholemodule;
				SWIFT_EMIT_LOC_STRINGS = YES;
				VALIDATE_PRODUCT = YES;
			};
			name = Release;
		};
		0280BA142D8F816A0023E473 /* Debug */ = {
			isa = XCBuildConfiguration;
			buildSettings = {
				ASSETCATALOG_COMPILER_APPICON_NAME = AppIcon;
				ASSETCATALOG_COMPILER_GLOBAL_ACCENT_COLOR_NAME = AccentColor;
				CODE_SIGN_STYLE = Automatic;
				CURRENT_PROJECT_VERSION = 1;
				DEVELOPMENT_ASSET_PATHS = "\"Aite/Preview Content\"";
				DEVELOPMENT_TEAM = 8JM9F46XG3;
				ENABLE_PREVIEWS = YES;
				GENERATE_INFOPLIST_FILE = YES;
				INFOPLIST_KEY_UIApplicationSceneManifest_Generation = YES;
				INFOPLIST_KEY_UIApplicationSupportsIndirectInputEvents = YES;
				INFOPLIST_KEY_UILaunchScreen_Generation = YES;
				INFOPLIST_KEY_UISupportedInterfaceOrientations_iPad = "UIInterfaceOrientationPortrait UIInterfaceOrientationPortraitUpsideDown UIInterfaceOrientationLandscapeLeft UIInterfaceOrientationLandscapeRight";
				INFOPLIST_KEY_UISupportedInterfaceOrientations_iPhone = "UIInterfaceOrientationPortrait UIInterfaceOrientationLandscapeLeft UIInterfaceOrientationLandscapeRight";
				LD_RUNPATH_SEARCH_PATHS = (
					"$(inherited)",
					"@executable_path/Frameworks",
				);
				MARKETING_VERSION = 1.0;
				PRODUCT_BUNDLE_IDENTIFIER = mx.andar.Aite;
				PRODUCT_NAME = "$(TARGET_NAME)";
				SWIFT_EMIT_LOC_STRINGS = YES;
				SWIFT_VERSION = 5.0;
				TARGETED_DEVICE_FAMILY = "1,2";
			};
			name = Debug;
		};
		0280BA152D8F816A0023E473 /* Release */ = {
			isa = XCBuildConfiguration;
			buildSettings = {
				ASSETCATALOG_COMPILER_APPICON_NAME = AppIcon;
				ASSETCATALOG_COMPILER_GLOBAL_ACCENT_COLOR_NAME = AccentColor;
				CODE_SIGN_STYLE = Automatic;
				CURRENT_PROJECT_VERSION = 1;
				DEVELOPMENT_ASSET_PATHS = "\"Aite/Preview Content\"";
				DEVELOPMENT_TEAM = 8JM9F46XG3;
				ENABLE_PREVIEWS = YES;
				GENERATE_INFOPLIST_FILE = YES;
				INFOPLIST_KEY_UIApplicationSceneManifest_Generation = YES;
				INFOPLIST_KEY_UIApplicationSupportsIndirectInputEvents = YES;
				INFOPLIST_KEY_UILaunchScreen_Generation = YES;
				INFOPLIST_KEY_UISupportedInterfaceOrientations_iPad = "UIInterfaceOrientationPortrait UIInterfaceOrientationPortraitUpsideDown UIInterfaceOrientationLandscapeLeft UIInterfaceOrientationLandscapeRight";
				INFOPLIST_KEY_UISupportedInterfaceOrientations_iPhone = "UIInterfaceOrientationPortrait UIInterfaceOrientationLandscapeLeft UIInterfaceOrientationLandscapeRight";
				LD_RUNPATH_SEARCH_PATHS = (
					"$(inherited)",
					"@executable_path/Frameworks",
				);
				MARKETING_VERSION = 1.0;
				PRODUCT_BUNDLE_IDENTIFIER = mx.andar.Aite;
				PRODUCT_NAME = "$(TARGET_NAME)";
				SWIFT_EMIT_LOC_STRINGS = YES;
				SWIFT_VERSION = 5.0;
				TARGETED_DEVICE_FAMILY = "1,2";
			};
			name = Release;
		};
		0280BA172D8F816A0023E473 /* Debug */ = {
			isa = XCBuildConfiguration;
			buildSettings = {
				BUNDLE_LOADER = "$(TEST_HOST)";
				CODE_SIGN_STYLE = Automatic;
				CURRENT_PROJECT_VERSION = 1;
				GENERATE_INFOPLIST_FILE = YES;
				IPHONEOS_DEPLOYMENT_TARGET = 18.2;
				MARKETING_VERSION = 1.0;
				PRODUCT_BUNDLE_IDENTIFIER = mx.andar.AiteTests;
				PRODUCT_NAME = "$(TARGET_NAME)";
				SWIFT_EMIT_LOC_STRINGS = NO;
				SWIFT_VERSION = 5.0;
				TARGETED_DEVICE_FAMILY = "1,2";
				TEST_HOST = "$(BUILT_PRODUCTS_DIR)/Aite.app/$(BUNDLE_EXECUTABLE_FOLDER_PATH)/Aite";
			};
			name = Debug;
		};
		0280BA182D8F816A0023E473 /* Release */ = {
			isa = XCBuildConfiguration;
			buildSettings = {
				BUNDLE_LOADER = "$(TEST_HOST)";
				CODE_SIGN_STYLE = Automatic;
				CURRENT_PROJECT_VERSION = 1;
				GENERATE_INFOPLIST_FILE = YES;
				IPHONEOS_DEPLOYMENT_TARGET = 18.2;
				MARKETING_VERSION = 1.0;
				PRODUCT_BUNDLE_IDENTIFIER = mx.andar.AiteTests;
				PRODUCT_NAME = "$(TARGET_NAME)";
				SWIFT_EMIT_LOC_STRINGS = NO;
				SWIFT_VERSION = 5.0;
				TARGETED_DEVICE_FAMILY = "1,2";
				TEST_HOST = "$(BUILT_PRODUCTS_DIR)/Aite.app/$(BUNDLE_EXECUTABLE_FOLDER_PATH)/Aite";
			};
			name = Release;
		};
		0280BA1A2D8F816A0023E473 /* Debug */ = {
			isa = XCBuildConfiguration;
			buildSettings = {
				CODE_SIGN_STYLE = Automatic;
				CURRENT_PROJECT_VERSION = 1;
				DEVELOPMENT_TEAM = 8JM9F46XG3;
				GENERATE_INFOPLIST_FILE = YES;
				MARKETING_VERSION = 1.0;
				PRODUCT_BUNDLE_IDENTIFIER = mx.andar.AiteUITests;
				PRODUCT_NAME = "$(TARGET_NAME)";
				SWIFT_EMIT_LOC_STRINGS = NO;
				SWIFT_VERSION = 5.0;
				TARGETED_DEVICE_FAMILY = "1,2";
				TEST_TARGET_NAME = Aite;
			};
			name = Debug;
		};
		0280BA1B2D8F816A0023E473 /* Release */ = {
			isa = XCBuildConfiguration;
			buildSettings = {
				CODE_SIGN_STYLE = Automatic;
				CURRENT_PROJECT_VERSION = 1;
				DEVELOPMENT_TEAM = 8JM9F46XG3;
				GENERATE_INFOPLIST_FILE = YES;
				MARKETING_VERSION = 1.0;
				PRODUCT_BUNDLE_IDENTIFIER = mx.andar.AiteUITests;
				PRODUCT_NAME = "$(TARGET_NAME)";
				SWIFT_EMIT_LOC_STRINGS = NO;
				SWIFT_VERSION = 5.0;
				TARGETED_DEVICE_FAMILY = "1,2";
				TEST_TARGET_NAME = Aite;
			};
			name = Release;
		};
/* End XCBuildConfiguration section */

/* Begin XCConfigurationList section */
		0280B9EA2D8F81690023E473 /* Build configuration list for PBXProject "Aite" */ = {
			isa = XCConfigurationList;
			buildConfigurations = (
				0280BA112D8F816A0023E473 /* Debug */,
				0280BA122D8F816A0023E473 /* Release */,
			);
			defaultConfigurationIsVisible = 0;
			defaultConfigurationName = Release;
		};
		0280BA132D8F816A0023E473 /* Build configuration list for PBXNativeTarget "Aite" */ = {
			isa = XCConfigurationList;
			buildConfigurations = (
				0280BA142D8F816A0023E473 /* Debug */,
				0280BA152D8F816A0023E473 /* Release */,
			);
			defaultConfigurationIsVisible = 0;
			defaultConfigurationName = Release;
		};
		0280BA162D8F816A0023E473 /* Build configuration list for PBXNativeTarget "AiteTests" */ = {
			isa = XCConfigurationList;
			buildConfigurations = (
				0280BA172D8F816A0023E473 /* Debug */,
				0280BA182D8F816A0023E473 /* Release */,
			);
			defaultConfigurationIsVisible = 0;
			defaultConfigurationName = Release;
		};
		0280BA192D8F816A0023E473 /* Build configuration list for PBXNativeTarget "AiteUITests" */ = {
			isa = XCConfigurationList;
			buildConfigurations = (
				0280BA1A2D8F816A0023E473 /* Debug */,
				0280BA1B2D8F816A0023E473 /* Release */,
			);
			defaultConfigurationIsVisible = 0;
			defaultConfigurationName = Release;
		};
/* End XCConfigurationList section */
	};
	rootObject = 0280B9E72D8F81690023E473 /* Project object */;
}
